
Microsoft Visual Studio Solution File, Format Version 10.00
# Visual C++ Express 2008
Project("{8BC9CEB8-8B4A-11D0-8D11-00A0C91BC942}") = "libfcache", "libfcache\libfcache.vcproj", "{9F69EFFE-D3B6-402C-B75B-9877209E17B8}"
	ProjectSection(ProjectDependencies) = postProject
		{20FFC4C9-F44C-45F6-A827-4819B4DF3C9F} = {20FFC4C9-F44C-45F6-A827-4819B4DF3C9F}
		{BD3A95FA-A3DE-4B79-A889-A7E5ECA4B69C} = {BD3A95FA-A3DE-4B79-A889-A7E5ECA4B69C}
		{8B6E2538-3142-48B7-A71B-5BE52E4D60CA} = {8B6E2538-3142-48B7-A71B-5BE52E4D60CA}
		{1E44D2C4-BABB-465D-A51F-1951E1D0F269} = {1E44D2C4-BABB-465D-A51F-1951E1D0F269}
	EndProjectSection
EndProject
Project("{8BC9CEB8-8B4A-11D0-8D11-00A0C91BC942}") = "vslvminfo", "vslvminfo\vslvminfo.vcproj", "{4917E0E4-2AD2-401C-B670-D13DD410F399}"
	ProjectSection(ProjectDependencies) = postProject
		{BAA35A68-2A2E-4B0F-AD60-52BDAD6B42C9} = {BAA35A68-2A2E-4B0F-AD60-52BDAD6B42C9}
		{B434A4AC-986D-4D45-9A6A-0D3D25478B23} = {B434A4AC-986D-4D45-9A6A-0D3D25478B23}
		{E43A5E26-D051-4E87-B2B2-B3EAA7BA4A8D} = {E43A5E26-D051-4E87-B2B2-B3EAA7BA4A8D}
		{6E33B121-D740-47B1-8EFA-A481B96453B4} = {6E33B121-D740-47B1-8EFA-A481B96453B4}
		{230CF861-6ED4-478D-977F-7AA14F902775} = {230CF861-6ED4-478D-977F-7AA14F902775}
		{2A6E34BE-BC1E-4F07-9748-B341ABCADED6} = {2A6E34BE-BC1E-4F07-9748-B341ABCADED6}
		{1E44D2C4-BABB-465D-A51F-1951E1D0F269} = {1E44D2C4-BABB-465D-A51F-1951E1D0F269}
		{9A9309E2-9AB5-4DCE-916F-9307711EF9CE} = {9A9309E2-9AB5-4DCE-916F-9307711EF9CE}
		{C27BFEBA-5846-48A0-B85C-690FBEB09C05} = {C27BFEBA-5846-48A0-B85C-690FBEB09C05}
		{E4B5DF29-F9B5-45D2-B97E-E9F518A4AA72} = {E4B5DF29-F9B5-45D2-B97E-E9F518A4AA72}
		{BD3A95FA-A3DE-4B79-A889-A7E5ECA4B69C} = {BD3A95FA-A3DE-4B79-A889-A7E5ECA4B69C}
		{20FFC4C9-F44C-45F6-A827-4819B4DF3C9F} = {20FFC4C9-F44C-45F6-A827-4819B4DF3C9F}
	EndProjectSection
EndProject
Project("{8BC9CEB8-8B4A-11D0-8D11-00A0C91BC942}") = "vslvmmount", "vslvmmount\vslvmmount.vcproj", "{5D7C5D34-B8F1-43BA-9BF2-10F001B84749}"
	ProjectSection(ProjectDependencies) = postProject
		{3349DE7F-5C9D-4AB0-A552-FD7719227522} = {3349DE7F-5C9D-4AB0-A552-FD7719227522}
		{BAA35A68-2A2E-4B0F-AD60-52BDAD6B42C9} = {BAA35A68-2A2E-4B0F-AD60-52BDAD6B42C9}
		{B434A4AC-986D-4D45-9A6A-0D3D25478B23} = {B434A4AC-986D-4D45-9A6A-0D3D25478B23}
		{E43A5E26-D051-4E87-B2B2-B3EAA7BA4A8D} = {E43A5E26-D051-4E87-B2B2-B3EAA7BA4A8D}
		{6E33B121-D740-47B1-8EFA-A481B96453B4} = {6E33B121-D740-47B1-8EFA-A481B96453B4}
		{230CF861-6ED4-478D-977F-7AA14F902775} = {230CF861-6ED4-478D-977F-7AA14F902775}
		{2A6E34BE-BC1E-4F07-9748-B341ABCADED6} = {2A6E34BE-BC1E-4F07-9748-B341ABCADED6}
		{1E44D2C4-BABB-465D-A51F-1951E1D0F269} = {1E44D2C4-BABB-465D-A51F-1951E1D0F269}
		{9A9309E2-9AB5-4DCE-916F-9307711EF9CE} = {9A9309E2-9AB5-4DCE-916F-9307711EF9CE}
		{C27BFEBA-5846-48A0-B85C-690FBEB09C05} = {C27BFEBA-5846-48A0-B85C-690FBEB09C05}
		{E4B5DF29-F9B5-45D2-B97E-E9F518A4AA72} = {E4B5DF29-F9B5-45D2-B97E-E9F518A4AA72}
		{BD3A95FA-A3DE-4B79-A889-A7E5ECA4B69C} = {BD3A95FA-A3DE-4B79-A889-A7E5ECA4B69C}
		{20FFC4C9-F44C-45F6-A827-4819B4DF3C9F} = {20FFC4C9-F44C-45F6-A827-4819B4DF3C9F}
	EndProjectSection
EndProject
Project("{8BC9CEB8-8B4A-11D0-8D11-00A0C91BC942}") = "vslvm_test_open_close", "vslvm_test_open_close\vslvm_test_open_close.vcproj", "{2F110AC4-632E-4200-A824-E19F9C6C2A77}"
	ProjectSection(ProjectDependencies) = postProject
		{9A9309E2-9AB5-4DCE-916F-9307711EF9CE} = {9A9309E2-9AB5-4DCE-916F-9307711EF9CE}
		{BD3A95FA-A3DE-4B79-A889-A7E5ECA4B69C} = {BD3A95FA-A3DE-4B79-A889-A7E5ECA4B69C}
		{20FFC4C9-F44C-45F6-A827-4819B4DF3C9F} = {20FFC4C9-F44C-45F6-A827-4819B4DF3C9F}
	EndProjectSection
EndProject
Project("{8BC9CEB8-8B4A-11D0-8D11-00A0C91BC942}") = "vslvm_test_read", "vslvm_test_read\vslvm_test_read.vcproj", "{FB9720F9-0E23-4DD4-B045-05FC3EB1FC65}"
	ProjectSection(ProjectDependencies) = postProject
		{9A9309E2-9AB5-4DCE-916F-9307711EF9CE} = {9A9309E2-9AB5-4DCE-916F-9307711EF9CE}
		{BD3A95FA-A3DE-4B79-A889-A7E5ECA4B69C} = {BD3A95FA-A3DE-4B79-A889-A7E5ECA4B69C}
		{20FFC4C9-F44C-45F6-A827-4819B4DF3C9F} = {20FFC4C9-F44C-45F6-A827-4819B4DF3C9F}
	EndProjectSection
EndProject
Project("{8BC9CEB8-8B4A-11D0-8D11-00A0C91BC942}") = "vslvm_test_seek", "vslvm_test_seek\vslvm_test_seek.vcproj", "{B7B08ACC-6467-4779-BDF8-F1E3578C6B4B}"
	ProjectSection(ProjectDependencies) = postProject
		{9A9309E2-9AB5-4DCE-916F-9307711EF9CE} = {9A9309E2-9AB5-4DCE-916F-9307711EF9CE}
		{BD3A95FA-A3DE-4B79-A889-A7E5ECA4B69C} = {BD3A95FA-A3DE-4B79-A889-A7E5ECA4B69C}
		{20FFC4C9-F44C-45F6-A827-4819B4DF3C9F} = {20FFC4C9-F44C-45F6-A827-4819B4DF3C9F}
	EndProjectSection
EndProject
Project("{8BC9CEB8-8B4A-11D0-8D11-00A0C91BC942}") = "libclocale", "libclocale\libclocale.vcproj", "{E4B5DF29-F9B5-45D2-B97E-E9F518A4AA72}"
	ProjectSection(ProjectDependencies) = postProject
		{20FFC4C9-F44C-45F6-A827-4819B4DF3C9F} = {20FFC4C9-F44C-45F6-A827-4819B4DF3C9F}
		{BD3A95FA-A3DE-4B79-A889-A7E5ECA4B69C} = {BD3A95FA-A3DE-4B79-A889-A7E5ECA4B69C}
	EndProjectSection
EndProject
Project("{8BC9CEB8-8B4A-11D0-8D11-00A0C91BC942}") = "libbfio", "libbfio\libbfio.vcproj", "{B434A4AC-986D-4D45-9A6A-0D3D25478B23}"
	ProjectSection(ProjectDependencies) = postProject
		{20FFC4C9-F44C-45F6-A827-4819B4DF3C9F} = {20FFC4C9-F44C-45F6-A827-4819B4DF3C9F}
		{BD3A95FA-A3DE-4B79-A889-A7E5ECA4B69C} = {BD3A95FA-A3DE-4B79-A889-A7E5ECA4B69C}
		{8B6E2538-3142-48B7-A71B-5BE52E4D60CA} = {8B6E2538-3142-48B7-A71B-5BE52E4D60CA}
		{1E44D2C4-BABB-465D-A51F-1951E1D0F269} = {1E44D2C4-BABB-465D-A51F-1951E1D0F269}
		{E4B5DF29-F9B5-45D2-B97E-E9F518A4AA72} = {E4B5DF29-F9B5-45D2-B97E-E9F518A4AA72}
		{2A6E34BE-BC1E-4F07-9748-B341ABCADED6} = {2A6E34BE-BC1E-4F07-9748-B341ABCADED6}
		{230CF861-6ED4-478D-977F-7AA14F902775} = {230CF861-6ED4-478D-977F-7AA14F902775}
		{6E33B121-D740-47B1-8EFA-A481B96453B4} = {6E33B121-D740-47B1-8EFA-A481B96453B4}
		{E43A5E26-D051-4E87-B2B2-B3EAA7BA4A8D} = {E43A5E26-D051-4E87-B2B2-B3EAA7BA4A8D}
	EndProjectSection
EndProject
Project("{8BC9CEB8-8B4A-11D0-8D11-00A0C91BC942}") = "libcfile", "libcfile\libcfile.vcproj", "{6E33B121-D740-47B1-8EFA-A481B96453B4}"
	ProjectSection(ProjectDependencies) = postProject
		{20FFC4C9-F44C-45F6-A827-4819B4DF3C9F} = {20FFC4C9-F44C-45F6-A827-4819B4DF3C9F}
		{BD3A95FA-A3DE-4B79-A889-A7E5ECA4B69C} = {BD3A95FA-A3DE-4B79-A889-A7E5ECA4B69C}
		{E4B5DF29-F9B5-45D2-B97E-E9F518A4AA72} = {E4B5DF29-F9B5-45D2-B97E-E9F518A4AA72}
		{C27BFEBA-5846-48A0-B85C-690FBEB09C05} = {C27BFEBA-5846-48A0-B85C-690FBEB09C05}
		{230CF861-6ED4-478D-977F-7AA14F902775} = {230CF861-6ED4-478D-977F-7AA14F902775}
	EndProjectSection
EndProject
Project("{8BC9CEB8-8B4A-11D0-8D11-00A0C91BC942}") = "libcthreads", "libcthreads\libcthreads.vcproj", "{8B6E2538-3142-48B7-A71B-5BE52E4D60CA}"
	ProjectSection(ProjectDependencies) = postProject
		{20FFC4C9-F44C-45F6-A827-4819B4DF3C9F} = {20FFC4C9-F44C-45F6-A827-4819B4DF3C9F}
		{BD3A95FA-A3DE-4B79-A889-A7E5ECA4B69C} = {BD3A95FA-A3DE-4B79-A889-A7E5ECA4B69C}
	EndProjectSection
EndProject
Project("{8BC9CEB8-8B4A-11D0-8D11-00A0C91BC942}") = "libcpath", "libcpath\libcpath.vcproj", "{E43A5E26-D051-4E87-B2B2-B3EAA7BA4A8D}"
	ProjectSection(ProjectDependencies) = postProject
		{20FFC4C9-F44C-45F6-A827-4819B4DF3C9F} = {20FFC4C9-F44C-45F6-A827-4819B4DF3C9F}
		{BD3A95FA-A3DE-4B79-A889-A7E5ECA4B69C} = {BD3A95FA-A3DE-4B79-A889-A7E5ECA4B69C}
		{E4B5DF29-F9B5-45D2-B97E-E9F518A4AA72} = {E4B5DF29-F9B5-45D2-B97E-E9F518A4AA72}
		{2A6E34BE-BC1E-4F07-9748-B341ABCADED6} = {2A6E34BE-BC1E-4F07-9748-B341ABCADED6}
		{230CF861-6ED4-478D-977F-7AA14F902775} = {230CF861-6ED4-478D-977F-7AA14F902775}
	EndProjectSection
EndProject
Project("{8BC9CEB8-8B4A-11D0-8D11-00A0C91BC942}") = "libcstring", "libcstring\libcstring.vcproj", "{20FFC4C9-F44C-45F6-A827-4819B4DF3C9F}"
EndProject
Project("{8BC9CEB8-8B4A-11D0-8D11-00A0C91BC942}") = "pyvslvm", "pyvslvm\pyvslvm.vcproj", "{7E455285-CA6F-4301-8EE2-D791EC2C5387}"
	ProjectSection(ProjectDependencies) = postProject
		{20FFC4C9-F44C-45F6-A827-4819B4DF3C9F} = {20FFC4C9-F44C-45F6-A827-4819B4DF3C9F}
		{BD3A95FA-A3DE-4B79-A889-A7E5ECA4B69C} = {BD3A95FA-A3DE-4B79-A889-A7E5ECA4B69C}
		{9A9309E2-9AB5-4DCE-916F-9307711EF9CE} = {9A9309E2-9AB5-4DCE-916F-9307711EF9CE}
		{1E44D2C4-BABB-465D-A51F-1951E1D0F269} = {1E44D2C4-BABB-465D-A51F-1951E1D0F269}
		{E4B5DF29-F9B5-45D2-B97E-E9F518A4AA72} = {E4B5DF29-F9B5-45D2-B97E-E9F518A4AA72}
		{2A6E34BE-BC1E-4F07-9748-B341ABCADED6} = {2A6E34BE-BC1E-4F07-9748-B341ABCADED6}
		{230CF861-6ED4-478D-977F-7AA14F902775} = {230CF861-6ED4-478D-977F-7AA14F902775}
		{6E33B121-D740-47B1-8EFA-A481B96453B4} = {6E33B121-D740-47B1-8EFA-A481B96453B4}
		{E43A5E26-D051-4E87-B2B2-B3EAA7BA4A8D} = {E43A5E26-D051-4E87-B2B2-B3EAA7BA4A8D}
		{B434A4AC-986D-4D45-9A6A-0D3D25478B23} = {B434A4AC-986D-4D45-9A6A-0D3D25478B23}
	EndProjectSection
EndProject
Project("{8BC9CEB8-8B4A-11D0-8D11-00A0C91BC942}") = "libuna", "libuna\libuna.vcproj", "{230CF861-6ED4-478D-977F-7AA14F902775}"
	ProjectSection(ProjectDependencies) = postProject
		{20FFC4C9-F44C-45F6-A827-4819B4DF3C9F} = {20FFC4C9-F44C-45F6-A827-4819B4DF3C9F}
		{BD3A95FA-A3DE-4B79-A889-A7E5ECA4B69C} = {BD3A95FA-A3DE-4B79-A889-A7E5ECA4B69C}
	EndProjectSection
EndProject
Project("{8BC9CEB8-8B4A-11D0-8D11-00A0C91BC942}") = "libfvalue", "libfvalue\libfvalue.vcproj", "{11BBEBE0-520E-41D7-88AC-88B23B79BB8F}"
	ProjectSection(ProjectDependencies) = postProject
		{20FFC4C9-F44C-45F6-A827-4819B4DF3C9F} = {20FFC4C9-F44C-45F6-A827-4819B4DF3C9F}
		{BD3A95FA-A3DE-4B79-A889-A7E5ECA4B69C} = {BD3A95FA-A3DE-4B79-A889-A7E5ECA4B69C}
		{1E44D2C4-BABB-465D-A51F-1951E1D0F269} = {1E44D2C4-BABB-465D-A51F-1951E1D0F269}
		{C27BFEBA-5846-48A0-B85C-690FBEB09C05} = {C27BFEBA-5846-48A0-B85C-690FBEB09C05}
		{230CF861-6ED4-478D-977F-7AA14F902775} = {230CF861-6ED4-478D-977F-7AA14F902775}
	EndProjectSection
EndProject
Project("{8BC9CEB8-8B4A-11D0-8D11-00A0C91BC942}") = "libvslvm", "libvslvm\libvslvm.vcproj", "{9A9309E2-9AB5-4DCE-916F-9307711EF9CE}"
	ProjectSection(ProjectDependencies) = postProject
		{20FFC4C9-F44C-45F6-A827-4819B4DF3C9F} = {20FFC4C9-F44C-45F6-A827-4819B4DF3C9F}
		{BD3A95FA-A3DE-4B79-A889-A7E5ECA4B69C} = {BD3A95FA-A3DE-4B79-A889-A7E5ECA4B69C}
		{8B6E2538-3142-48B7-A71B-5BE52E4D60CA} = {8B6E2538-3142-48B7-A71B-5BE52E4D60CA}
		{1E44D2C4-BABB-465D-A51F-1951E1D0F269} = {1E44D2C4-BABB-465D-A51F-1951E1D0F269}
		{E4B5DF29-F9B5-45D2-B97E-E9F518A4AA72} = {E4B5DF29-F9B5-45D2-B97E-E9F518A4AA72}
		{C27BFEBA-5846-48A0-B85C-690FBEB09C05} = {C27BFEBA-5846-48A0-B85C-690FBEB09C05}
		{2A6E34BE-BC1E-4F07-9748-B341ABCADED6} = {2A6E34BE-BC1E-4F07-9748-B341ABCADED6}
		{230CF861-6ED4-478D-977F-7AA14F902775} = {230CF861-6ED4-478D-977F-7AA14F902775}
		{6E33B121-D740-47B1-8EFA-A481B96453B4} = {6E33B121-D740-47B1-8EFA-A481B96453B4}
		{E43A5E26-D051-4E87-B2B2-B3EAA7BA4A8D} = {E43A5E26-D051-4E87-B2B2-B3EAA7BA4A8D}
		{B434A4AC-986D-4D45-9A6A-0D3D25478B23} = {B434A4AC-986D-4D45-9A6A-0D3D25478B23}
		{9F69EFFE-D3B6-402C-B75B-9877209E17B8} = {9F69EFFE-D3B6-402C-B75B-9877209E17B8}
		{E660ECA6-BD22-4F25-B4CF-46FB3A302AE0} = {E660ECA6-BD22-4F25-B4CF-46FB3A302AE0}
		{11BBEBE0-520E-41D7-88AC-88B23B79BB8F} = {11BBEBE0-520E-41D7-88AC-88B23B79BB8F}
	EndProjectSection
EndProject
Project("{8BC9CEB8-8B4A-11D0-8D11-00A0C91BC942}") = "libcerror", "libcerror\libcerror.vcproj", "{BD3A95FA-A3DE-4B79-A889-A7E5ECA4B69C}"
	ProjectSection(ProjectDependencies) = postProject
		{20FFC4C9-F44C-45F6-A827-4819B4DF3C9F} = {20FFC4C9-F44C-45F6-A827-4819B4DF3C9F}
	EndProjectSection
EndProject
Project("{8BC9CEB8-8B4A-11D0-8D11-00A0C91BC942}") = "libcnotify", "libcnotify\libcnotify.vcproj", "{C27BFEBA-5846-48A0-B85C-690FBEB09C05}"
	ProjectSection(ProjectDependencies) = postProject
		{20FFC4C9-F44C-45F6-A827-4819B4DF3C9F} = {20FFC4C9-F44C-45F6-A827-4819B4DF3C9F}
		{BD3A95FA-A3DE-4B79-A889-A7E5ECA4B69C} = {BD3A95FA-A3DE-4B79-A889-A7E5ECA4B69C}
	EndProjectSection
EndProject
Project("{8BC9CEB8-8B4A-11D0-8D11-00A0C91BC942}") = "libcsystem", "libcsystem\libcsystem.vcproj", "{BAA35A68-2A2E-4B0F-AD60-52BDAD6B42C9}"
	ProjectSection(ProjectDependencies) = postProject
		{20FFC4C9-F44C-45F6-A827-4819B4DF3C9F} = {20FFC4C9-F44C-45F6-A827-4819B4DF3C9F}
		{BD3A95FA-A3DE-4B79-A889-A7E5ECA4B69C} = {BD3A95FA-A3DE-4B79-A889-A7E5ECA4B69C}
		{E4B5DF29-F9B5-45D2-B97E-E9F518A4AA72} = {E4B5DF29-F9B5-45D2-B97E-E9F518A4AA72}
		{C27BFEBA-5846-48A0-B85C-690FBEB09C05} = {C27BFEBA-5846-48A0-B85C-690FBEB09C05}
		{230CF861-6ED4-478D-977F-7AA14F902775} = {230CF861-6ED4-478D-977F-7AA14F902775}
	EndProjectSection
EndProject
Project("{8BC9CEB8-8B4A-11D0-8D11-00A0C91BC942}") = "libfdata", "libfdata\libfdata.vcproj", "{E660ECA6-BD22-4F25-B4CF-46FB3A302AE0}"
	ProjectSection(ProjectDependencies) = postProject
		{20FFC4C9-F44C-45F6-A827-4819B4DF3C9F} = {20FFC4C9-F44C-45F6-A827-4819B4DF3C9F}
		{BD3A95FA-A3DE-4B79-A889-A7E5ECA4B69C} = {BD3A95FA-A3DE-4B79-A889-A7E5ECA4B69C}
		{8B6E2538-3142-48B7-A71B-5BE52E4D60CA} = {8B6E2538-3142-48B7-A71B-5BE52E4D60CA}
		{1E44D2C4-BABB-465D-A51F-1951E1D0F269} = {1E44D2C4-BABB-465D-A51F-1951E1D0F269}
		{C27BFEBA-5846-48A0-B85C-690FBEB09C05} = {C27BFEBA-5846-48A0-B85C-690FBEB09C05}
		{9F69EFFE-D3B6-402C-B75B-9877209E17B8} = {9F69EFFE-D3B6-402C-B75B-9877209E17B8}
	EndProjectSection
EndProject
Project("{8BC9CEB8-8B4A-11D0-8D11-00A0C91BC942}") = "libcdata", "libcdata\libcdata.vcproj", "{1E44D2C4-BABB-465D-A51F-1951E1D0F269}"
	ProjectSection(ProjectDependencies) = postProject
		{20FFC4C9-F44C-45F6-A827-4819B4DF3C9F} = {20FFC4C9-F44C-45F6-A827-4819B4DF3C9F}
		{BD3A95FA-A3DE-4B79-A889-A7E5ECA4B69C} = {BD3A95FA-A3DE-4B79-A889-A7E5ECA4B69C}
		{8B6E2538-3142-48B7-A71B-5BE52E4D60CA} = {8B6E2538-3142-48B7-A71B-5BE52E4D60CA}
	EndProjectSection
EndProject
Project("{8BC9CEB8-8B4A-11D0-8D11-00A0C91BC942}") = "libcsplit", "libcsplit\libcsplit.vcproj", "{2A6E34BE-BC1E-4F07-9748-B341ABCADED6}"
	ProjectSection(ProjectDependencies) = postProject
		{20FFC4C9-F44C-45F6-A827-4819B4DF3C9F} = {20FFC4C9-F44C-45F6-A827-4819B4DF3C9F}
		{BD3A95FA-A3DE-4B79-A889-A7E5ECA4B69C} = {BD3A95FA-A3DE-4B79-A889-A7E5ECA4B69C}
	EndProjectSection
EndProject
Project("{8BC9CEB8-8B4A-11D0-8D11-00A0C91BC942}") = "dokan", "dokan\dokan.vcproj", "{3349DE7F-5C9D-4AB0-A552-FD7719227522}"
EndProject
Global
	GlobalSection(SolutionConfigurationPlatforms) = preSolution
		Release|Win32 = Release|Win32
		VSDebug|Win32 = VSDebug|Win32
	EndGlobalSection
	GlobalSection(ProjectConfigurationPlatforms) = postSolution
		{9F69EFFE-D3B6-402C-B75B-9877209E17B8}.Release|Win32.ActiveCfg = Release|Win32
		{9F69EFFE-D3B6-402C-B75B-9877209E17B8}.Release|Win32.Build.0 = Release|Win32
		{9F69EFFE-D3B6-402C-B75B-9877209E17B8}.VSDebug|Win32.ActiveCfg = VSDebug|Win32
		{9F69EFFE-D3B6-402C-B75B-9877209E17B8}.VSDebug|Win32.Build.0 = VSDebug|Win32
		{4917E0E4-2AD2-401C-B670-D13DD410F399}.Release|Win32.ActiveCfg = Release|Win32
		{4917E0E4-2AD2-401C-B670-D13DD410F399}.Release|Win32.Build.0 = Release|Win32
		{4917E0E4-2AD2-401C-B670-D13DD410F399}.VSDebug|Win32.ActiveCfg = VSDebug|Win32
		{4917E0E4-2AD2-401C-B670-D13DD410F399}.VSDebug|Win32.Build.0 = VSDebug|Win32
		{5D7C5D34-B8F1-43BA-9BF2-10F001B84749}.Release|Win32.ActiveCfg = Release|Win32
		{5D7C5D34-B8F1-43BA-9BF2-10F001B84749}.Release|Win32.Build.0 = Release|Win32
		{5D7C5D34-B8F1-43BA-9BF2-10F001B84749}.VSDebug|Win32.ActiveCfg = VSDebug|Win32
		{5D7C5D34-B8F1-43BA-9BF2-10F001B84749}.VSDebug|Win32.Build.0 = VSDebug|Win32
		{2F110AC4-632E-4200-A824-E19F9C6C2A77}.Release|Win32.ActiveCfg = Release|Win32
		{2F110AC4-632E-4200-A824-E19F9C6C2A77}.Release|Win32.Build.0 = Release|Win32
		{2F110AC4-632E-4200-A824-E19F9C6C2A77}.VSDebug|Win32.ActiveCfg = VSDebug|Win32
		{2F110AC4-632E-4200-A824-E19F9C6C2A77}.VSDebug|Win32.Build.0 = VSDebug|Win32
		{FB9720F9-0E23-4DD4-B045-05FC3EB1FC65}.Release|Win32.ActiveCfg = Release|Win32
		{FB9720F9-0E23-4DD4-B045-05FC3EB1FC65}.Release|Win32.Build.0 = Release|Win32
		{FB9720F9-0E23-4DD4-B045-05FC3EB1FC65}.VSDebug|Win32.ActiveCfg = VSDebug|Win32
		{FB9720F9-0E23-4DD4-B045-05FC3EB1FC65}.VSDebug|Win32.Build.0 = VSDebug|Win32
		{B7B08ACC-6467-4779-BDF8-F1E3578C6B4B}.Release|Win32.ActiveCfg = Release|Win32
		{B7B08ACC-6467-4779-BDF8-F1E3578C6B4B}.Release|Win32.Build.0 = Release|Win32
		{B7B08ACC-6467-4779-BDF8-F1E3578C6B4B}.VSDebug|Win32.ActiveCfg = VSDebug|Win32
		{B7B08ACC-6467-4779-BDF8-F1E3578C6B4B}.VSDebug|Win32.Build.0 = VSDebug|Win32
		{E4B5DF29-F9B5-45D2-B97E-E9F518A4AA72}.Release|Win32.ActiveCfg = Release|Win32
		{E4B5DF29-F9B5-45D2-B97E-E9F518A4AA72}.Release|Win32.Build.0 = Release|Win32
		{E4B5DF29-F9B5-45D2-B97E-E9F518A4AA72}.VSDebug|Win32.ActiveCfg = VSDebug|Win32
		{E4B5DF29-F9B5-45D2-B97E-E9F518A4AA72}.VSDebug|Win32.Build.0 = VSDebug|Win32
		{B434A4AC-986D-4D45-9A6A-0D3D25478B23}.Release|Win32.ActiveCfg = Release|Win32
		{B434A4AC-986D-4D45-9A6A-0D3D25478B23}.Release|Win32.Build.0 = Release|Win32
		{B434A4AC-986D-4D45-9A6A-0D3D25478B23}.VSDebug|Win32.ActiveCfg = VSDebug|Win32
		{B434A4AC-986D-4D45-9A6A-0D3D25478B23}.VSDebug|Win32.Build.0 = VSDebug|Win32
		{6E33B121-D740-47B1-8EFA-A481B96453B4}.Release|Win32.ActiveCfg = Release|Win32
		{6E33B121-D740-47B1-8EFA-A481B96453B4}.Release|Win32.Build.0 = Release|Win32
		{6E33B121-D740-47B1-8EFA-A481B96453B4}.VSDebug|Win32.ActiveCfg = VSDebug|Win32
		{6E33B121-D740-47B1-8EFA-A481B96453B4}.VSDebug|Win32.Build.0 = VSDebug|Win32
		{8B6E2538-3142-48B7-A71B-5BE52E4D60CA}.Release|Win32.ActiveCfg = Release|Win32
		{8B6E2538-3142-48B7-A71B-5BE52E4D60CA}.Release|Win32.Build.0 = Release|Win32
		{8B6E2538-3142-48B7-A71B-5BE52E4D60CA}.VSDebug|Win32.ActiveCfg = VSDebug|Win32
		{8B6E2538-3142-48B7-A71B-5BE52E4D60CA}.VSDebug|Win32.Build.0 = VSDebug|Win32
		{E43A5E26-D051-4E87-B2B2-B3EAA7BA4A8D}.Release|Win32.ActiveCfg = Release|Win32
		{E43A5E26-D051-4E87-B2B2-B3EAA7BA4A8D}.Release|Win32.Build.0 = Release|Win32
		{E43A5E26-D051-4E87-B2B2-B3EAA7BA4A8D}.VSDebug|Win32.ActiveCfg = VSDebug|Win32
		{E43A5E26-D051-4E87-B2B2-B3EAA7BA4A8D}.VSDebug|Win32.Build.0 = VSDebug|Win32
		{20FFC4C9-F44C-45F6-A827-4819B4DF3C9F}.Release|Win32.ActiveCfg = Release|Win32
		{20FFC4C9-F44C-45F6-A827-4819B4DF3C9F}.Release|Win32.Build.0 = Release|Win32
		{20FFC4C9-F44C-45F6-A827-4819B4DF3C9F}.VSDebug|Win32.ActiveCfg = VSDebug|Win32
		{20FFC4C9-F44C-45F6-A827-4819B4DF3C9F}.VSDebug|Win32.Build.0 = VSDebug|Win32
		{7E455285-CA6F-4301-8EE2-D791EC2C5387}.Release|Win32.ActiveCfg = Release|Win32
		{7E455285-CA6F-4301-8EE2-D791EC2C5387}.Release|Win32.Build.0 = Release|Win32
		{7E455285-CA6F-4301-8EE2-D791EC2C5387}.VSDebug|Win32.ActiveCfg = VSDebug|Win32
		{7E455285-CA6F-4301-8EE2-D791EC2C5387}.VSDebug|Win32.Build.0 = VSDebug|Win32
		{230CF861-6ED4-478D-977F-7AA14F902775}.Release|Win32.ActiveCfg = Release|Win32
		{230CF861-6ED4-478D-977F-7AA14F902775}.Release|Win32.Build.0 = Release|Win32
		{230CF861-6ED4-478D-977F-7AA14F902775}.VSDebug|Win32.ActiveCfg = VSDebug|Win32
		{230CF861-6ED4-478D-977F-7AA14F902775}.VSDebug|Win32.Build.0 = VSDebug|Win32
		{11BBEBE0-520E-41D7-88AC-88B23B79BB8F}.Release|Win32.ActiveCfg = Release|Win32
		{11BBEBE0-520E-41D7-88AC-88B23B79BB8F}.Release|Win32.Build.0 = Release|Win32
		{11BBEBE0-520E-41D7-88AC-88B23B79BB8F}.VSDebug|Win32.ActiveCfg = VSDebug|Win32
		{11BBEBE0-520E-41D7-88AC-88B23B79BB8F}.VSDebug|Win32.Build.0 = VSDebug|Win32
		{9A9309E2-9AB5-4DCE-916F-9307711EF9CE}.Release|Win32.ActiveCfg = Release|Win32
		{9A9309E2-9AB5-4DCE-916F-9307711EF9CE}.Release|Win32.Build.0 = Release|Win32
		{9A9309E2-9AB5-4DCE-916F-9307711EF9CE}.VSDebug|Win32.ActiveCfg = VSDebug|Win32
		{9A9309E2-9AB5-4DCE-916F-9307711EF9CE}.VSDebug|Win32.Build.0 = VSDebug|Win32
		{BD3A95FA-A3DE-4B79-A889-A7E5ECA4B69C}.Release|Win32.ActiveCfg = Release|Win32
		{BD3A95FA-A3DE-4B79-A889-A7E5ECA4B69C}.Release|Win32.Build.0 = Release|Win32
		{BD3A95FA-A3DE-4B79-A889-A7E5ECA4B69C}.VSDebug|Win32.ActiveCfg = VSDebug|Win32
		{BD3A95FA-A3DE-4B79-A889-A7E5ECA4B69C}.VSDebug|Win32.Build.0 = VSDebug|Win32
		{C27BFEBA-5846-48A0-B85C-690FBEB09C05}.Release|Win32.ActiveCfg = Release|Win32
		{C27BFEBA-5846-48A0-B85C-690FBEB09C05}.Release|Win32.Build.0 = Release|Win32
		{C27BFEBA-5846-48A0-B85C-690FBEB09C05}.VSDebug|Win32.ActiveCfg = VSDebug|Win32
		{C27BFEBA-5846-48A0-B85C-690FBEB09C05}.VSDebug|Win32.Build.0 = VSDebug|Win32
		{BAA35A68-2A2E-4B0F-AD60-52BDAD6B42C9}.Release|Win32.ActiveCfg = Release|Win32
		{BAA35A68-2A2E-4B0F-AD60-52BDAD6B42C9}.Release|Win32.Build.0 = Release|Win32
		{BAA35A68-2A2E-4B0F-AD60-52BDAD6B42C9}.VSDebug|Win32.ActiveCfg = VSDebug|Win32
		{BAA35A68-2A2E-4B0F-AD60-52BDAD6B42C9}.VSDebug|Win32.Build.0 = VSDebug|Win32
		{E660ECA6-BD22-4F25-B4CF-46FB3A302AE0}.Release|Win32.ActiveCfg = Release|Win32
		{E660ECA6-BD22-4F25-B4CF-46FB3A302AE0}.Release|Win32.Build.0 = Release|Win32
		{E660ECA6-BD22-4F25-B4CF-46FB3A302AE0}.VSDebug|Win32.ActiveCfg = VSDebug|Win32
		{E660ECA6-BD22-4F25-B4CF-46FB3A302AE0}.VSDebug|Win32.Build.0 = VSDebug|Win32
		{1E44D2C4-BABB-465D-A51F-1951E1D0F269}.Release|Win32.ActiveCfg = Release|Win32
		{1E44D2C4-BABB-465D-A51F-1951E1D0F269}.Release|Win32.Build.0 = Release|Win32
		{1E44D2C4-BABB-465D-A51F-1951E1D0F269}.VSDebug|Win32.ActiveCfg = VSDebug|Win32
		{1E44D2C4-BABB-465D-A51F-1951E1D0F269}.VSDebug|Win32.Build.0 = VSDebug|Win32
		{2A6E34BE-BC1E-4F07-9748-B341ABCADED6}.Release|Win32.ActiveCfg = Release|Win32
		{2A6E34BE-BC1E-4F07-9748-B341ABCADED6}.Release|Win32.Build.0 = Release|Win32
		{2A6E34BE-BC1E-4F07-9748-B341ABCADED6}.VSDebug|Win32.ActiveCfg = VSDebug|Win32
		{2A6E34BE-BC1E-4F07-9748-B341ABCADED6}.VSDebug|Win32.Build.0 = VSDebug|Win32
		{3349DE7F-5C9D-4AB0-A552-FD7719227522}.Release|Win32.ActiveCfg = Release|Win32
		{3349DE7F-5C9D-4AB0-A552-FD7719227522}.Release|Win32.Build.0 = Release|Win32
		{3349DE7F-5C9D-4AB0-A552-FD7719227522}.VSDebug|Win32.ActiveCfg = VSDebug|Win32
		{3349DE7F-5C9D-4AB0-A552-FD7719227522}.VSDebug|Win32.Build.0 = VSDebug|Win32
	EndGlobalSection
	GlobalSection(SolutionProperties) = preSolution
		HideSolutionNode = FALSE
	EndGlobalSection
EndGlobal
