
Microsoft Visual Studio Solution File, Format Version 10.00
# Visual C++ Express 2008
Project("{8BC9CEB8-8B4A-11D0-8D11-00A0C91BC942}") = "libfcache", "libfcache\libfcache.vcproj", "{9F69EFFE-D3B6-402C-B75B-9877209E17B8}"
	ProjectSection(ProjectDependencies) = postProject
		{BD3A95FA-A3DE-4B79-A889-A7E5ECA4B69C} = {BD3A95FA-A3DE-4B79-A889-A7E5ECA4B69C}
		{8B6E2538-3142-48B7-A71B-5BE52E4D60CA} = {8B6E2538-3142-48B7-A71B-5BE52E4D60CA}
		{1E44D2C4-BABB-465D-A51F-1951E1D0F269} = {1E44D2C4-BABB-465D-A51F-1951E1D0F269}
	EndProjectSection
EndProject
Project("{8BC9CEB8-8B4A-11D0-8D11-00A0C91BC942}") = "vslvminfo", "vslvminfo\vslvminfo.vcproj", "{4917E0E4-2AD2-401C-B670-D13DD410F399}"
	ProjectSection(ProjectDependencies) = postProject
		{B434A4AC-986D-4D45-9A6A-0D3D25478B23} = {B434A4AC-986D-4D45-9A6A-0D3D25478B23}
		{E43A5E26-D051-4E87-B2B2-B3EAA7BA4A8D} = {E43A5E26-D051-4E87-B2B2-B3EAA7BA4A8D}
		{6E33B121-D740-47B1-8EFA-A481B96453B4} = {6E33B121-D740-47B1-8EFA-A481B96453B4}
		{230CF861-6ED4-478D-977F-7AA14F902775} = {230CF861-6ED4-478D-977F-7AA14F902775}
		{2A6E34BE-BC1E-4F07-9748-B341ABCADED6} = {2A6E34BE-BC1E-4F07-9748-B341ABCADED6}
		{1E44D2C4-BABB-465D-A51F-1951E1D0F269} = {1E44D2C4-BABB-465D-A51F-1951E1D0F269}
		{C27BFEBA-5846-48A0-B85C-690FBEB09C05} = {C27BFEBA-5846-48A0-B85C-690FBEB09C05}
		{E4B5DF29-F9B5-45D2-B97E-E9F518A4AA72} = {E4B5DF29-F9B5-45D2-B97E-E9F518A4AA72}
		{9A9309E2-9AB5-4DCE-916F-9307711EF9CE} = {9A9309E2-9AB5-4DCE-916F-9307711EF9CE}
		{BD3A95FA-A3DE-4B79-A889-A7E5ECA4B69C} = {BD3A95FA-A3DE-4B79-A889-A7E5ECA4B69C}
	EndProjectSection
EndProject
Project("{8BC9CEB8-8B4A-11D0-8D11-00A0C91BC942}") = "vslvmmount", "vslvmmount\vslvmmount.vcproj", "{5D7C5D34-B8F1-43BA-9BF2-10F001B84749}"
	ProjectSection(ProjectDependencies) = postProject
		{B434A4AC-986D-4D45-9A6A-0D3D25478B23} = {B434A4AC-986D-4D45-9A6A-0D3D25478B23}
		{E43A5E26-D051-4E87-B2B2-B3EAA7BA4A8D} = {E43A5E26-D051-4E87-B2B2-B3EAA7BA4A8D}
		{6E33B121-D740-47B1-8EFA-A481B96453B4} = {6E33B121-D740-47B1-8EFA-A481B96453B4}
		{230CF861-6ED4-478D-977F-7AA14F902775} = {230CF861-6ED4-478D-977F-7AA14F902775}
		{2A6E34BE-BC1E-4F07-9748-B341ABCADED6} = {2A6E34BE-BC1E-4F07-9748-B341ABCADED6}
		{1E44D2C4-BABB-465D-A51F-1951E1D0F269} = {1E44D2C4-BABB-465D-A51F-1951E1D0F269}
		{C27BFEBA-5846-48A0-B85C-690FBEB09C05} = {C27BFEBA-5846-48A0-B85C-690FBEB09C05}
		{E4B5DF29-F9B5-45D2-B97E-E9F518A4AA72} = {E4B5DF29-F9B5-45D2-B97E-E9F518A4AA72}
		{9A9309E2-9AB5-4DCE-916F-9307711EF9CE} = {9A9309E2-9AB5-4DCE-916F-9307711EF9CE}
		{BD3A95FA-A3DE-4B79-A889-A7E5ECA4B69C} = {BD3A95FA-A3DE-4B79-A889-A7E5ECA4B69C}
	EndProjectSection
EndProject
Project("{8BC9CEB8-8B4A-11D0-8D11-00A0C91BC942}") = "vslvm_test_chunk_data", "vslvm_test_chunk_data\vslvm_test_chunk_data.vcproj", "{8EAE8625-2CE5-4FE8-ADA5-90D300E78B63}"
	ProjectSection(ProjectDependencies) = postProject
		{B434A4AC-986D-4D45-9A6A-0D3D25478B23} = {B434A4AC-986D-4D45-9A6A-0D3D25478B23}
		{E43A5E26-D051-4E87-B2B2-B3EAA7BA4A8D} = {E43A5E26-D051-4E87-B2B2-B3EAA7BA4A8D}
		{6E33B121-D740-47B1-8EFA-A481B96453B4} = {6E33B121-D740-47B1-8EFA-A481B96453B4}
		{230CF861-6ED4-478D-977F-7AA14F902775} = {230CF861-6ED4-478D-977F-7AA14F902775}
		{2A6E34BE-BC1E-4F07-9748-B341ABCADED6} = {2A6E34BE-BC1E-4F07-9748-B341ABCADED6}
		{C27BFEBA-5846-48A0-B85C-690FBEB09C05} = {C27BFEBA-5846-48A0-B85C-690FBEB09C05}
		{E4B5DF29-F9B5-45D2-B97E-E9F518A4AA72} = {E4B5DF29-F9B5-45D2-B97E-E9F518A4AA72}
		{1E44D2C4-BABB-465D-A51F-1951E1D0F269} = {1E44D2C4-BABB-465D-A51F-1951E1D0F269}
		{9A9309E2-9AB5-4DCE-916F-9307711EF9CE} = {9A9309E2-9AB5-4DCE-916F-9307711EF9CE}
		{BD3A95FA-A3DE-4B79-A889-A7E5ECA4B69C} = {BD3A95FA-A3DE-4B79-A889-A7E5ECA4B69C}
	EndProjectSection
EndProject
Project("{8BC9CEB8-8B4A-11D0-8D11-00A0C91BC942}") = "vslvm_test_data_area_descriptor", "vslvm_test_data_area_descriptor\vslvm_test_data_area_descriptor.vcproj", "{51D491BF-2D42-4269-8F97-1354EFDA9E8C}"
	ProjectSection(ProjectDependencies) = postProject
		{9A9309E2-9AB5-4DCE-916F-9307711EF9CE} = {9A9309E2-9AB5-4DCE-916F-9307711EF9CE}
		{BD3A95FA-A3DE-4B79-A889-A7E5ECA4B69C} = {BD3A95FA-A3DE-4B79-A889-A7E5ECA4B69C}
	EndProjectSection
EndProject
Project("{8BC9CEB8-8B4A-11D0-8D11-00A0C91BC942}") = "vslvm_test_error", "vslvm_test_error\vslvm_test_error.vcproj", "{BA8E164A-9A0A-44FF-BDA0-DAD6EAB0BF37}"
	ProjectSection(ProjectDependencies) = postProject
		{9A9309E2-9AB5-4DCE-916F-9307711EF9CE} = {9A9309E2-9AB5-4DCE-916F-9307711EF9CE}
	EndProjectSection
EndProject
Project("{8BC9CEB8-8B4A-11D0-8D11-00A0C91BC942}") = "vslvm_test_handle", "vslvm_test_handle\vslvm_test_handle.vcproj", "{8DB69D45-79E8-4876-BF10-522116BF9768}"
	ProjectSection(ProjectDependencies) = postProject
		{230CF861-6ED4-478D-977F-7AA14F902775} = {230CF861-6ED4-478D-977F-7AA14F902775}
		{C27BFEBA-5846-48A0-B85C-690FBEB09C05} = {C27BFEBA-5846-48A0-B85C-690FBEB09C05}
		{E4B5DF29-F9B5-45D2-B97E-E9F518A4AA72} = {E4B5DF29-F9B5-45D2-B97E-E9F518A4AA72}
		{1E44D2C4-BABB-465D-A51F-1951E1D0F269} = {1E44D2C4-BABB-465D-A51F-1951E1D0F269}
		{9A9309E2-9AB5-4DCE-916F-9307711EF9CE} = {9A9309E2-9AB5-4DCE-916F-9307711EF9CE}
		{8B6E2538-3142-48B7-A71B-5BE52E4D60CA} = {8B6E2538-3142-48B7-A71B-5BE52E4D60CA}
		{BD3A95FA-A3DE-4B79-A889-A7E5ECA4B69C} = {BD3A95FA-A3DE-4B79-A889-A7E5ECA4B69C}
	EndProjectSection
EndProject
Project("{8BC9CEB8-8B4A-11D0-8D11-00A0C91BC942}") = "vslvm_test_io_handle", "vslvm_test_io_handle\vslvm_test_io_handle.vcproj", "{5CCB86C7-1B7B-4BBC-A8F4-45C328D4E4C5}"
	ProjectSection(ProjectDependencies) = postProject
		{9A9309E2-9AB5-4DCE-916F-9307711EF9CE} = {9A9309E2-9AB5-4DCE-916F-9307711EF9CE}
		{BD3A95FA-A3DE-4B79-A889-A7E5ECA4B69C} = {BD3A95FA-A3DE-4B79-A889-A7E5ECA4B69C}
	EndProjectSection
EndProject
Project("{8BC9CEB8-8B4A-11D0-8D11-00A0C91BC942}") = "vslvm_test_logical_volume", "vslvm_test_logical_volume\vslvm_test_logical_volume.vcproj", "{2960D6DC-D143-4D30-9FCC-698202E0E1CA}"
	ProjectSection(ProjectDependencies) = postProject
		{9A9309E2-9AB5-4DCE-916F-9307711EF9CE} = {9A9309E2-9AB5-4DCE-916F-9307711EF9CE}
		{BD3A95FA-A3DE-4B79-A889-A7E5ECA4B69C} = {BD3A95FA-A3DE-4B79-A889-A7E5ECA4B69C}
	EndProjectSection
EndProject
Project("{8BC9CEB8-8B4A-11D0-8D11-00A0C91BC942}") = "vslvm_test_logical_volume_values", "vslvm_test_logical_volume_values\vslvm_test_logical_volume_values.vcproj", "{501C1F15-568D-432F-9435-2B686F217145}"
	ProjectSection(ProjectDependencies) = postProject
		{9A9309E2-9AB5-4DCE-916F-9307711EF9CE} = {9A9309E2-9AB5-4DCE-916F-9307711EF9CE}
		{BD3A95FA-A3DE-4B79-A889-A7E5ECA4B69C} = {BD3A95FA-A3DE-4B79-A889-A7E5ECA4B69C}
	EndProjectSection
EndProject
Project("{8BC9CEB8-8B4A-11D0-8D11-00A0C91BC942}") = "vslvm_test_metadata", "vslvm_test_metadata\vslvm_test_metadata.vcproj", "{93E7A263-3B55-48B0-BBCC-C8914750816E}"
	ProjectSection(ProjectDependencies) = postProject
		{9A9309E2-9AB5-4DCE-916F-9307711EF9CE} = {9A9309E2-9AB5-4DCE-916F-9307711EF9CE}
		{BD3A95FA-A3DE-4B79-A889-A7E5ECA4B69C} = {BD3A95FA-A3DE-4B79-A889-A7E5ECA4B69C}
	EndProjectSection
EndProject
Project("{8BC9CEB8-8B4A-11D0-8D11-00A0C91BC942}") = "vslvm_test_metadata_area", "vslvm_test_metadata_area\vslvm_test_metadata_area.vcproj", "{E3EFE28D-43D0-4BC8-86FB-21EED5051512}"
	ProjectSection(ProjectDependencies) = postProject
		{9A9309E2-9AB5-4DCE-916F-9307711EF9CE} = {9A9309E2-9AB5-4DCE-916F-9307711EF9CE}
		{BD3A95FA-A3DE-4B79-A889-A7E5ECA4B69C} = {BD3A95FA-A3DE-4B79-A889-A7E5ECA4B69C}
	EndProjectSection
EndProject
Project("{8BC9CEB8-8B4A-11D0-8D11-00A0C91BC942}") = "vslvm_test_notify", "vslvm_test_notify\vslvm_test_notify.vcproj", "{373FDA74-DD45-4DA3-814E-6ECD44979AE2}"
	ProjectSection(ProjectDependencies) = postProject
		{9A9309E2-9AB5-4DCE-916F-9307711EF9CE} = {9A9309E2-9AB5-4DCE-916F-9307711EF9CE}
		{BD3A95FA-A3DE-4B79-A889-A7E5ECA4B69C} = {BD3A95FA-A3DE-4B79-A889-A7E5ECA4B69C}
	EndProjectSection
EndProject
Project("{8BC9CEB8-8B4A-11D0-8D11-00A0C91BC942}") = "vslvm_test_physical_volume", "vslvm_test_physical_volume\vslvm_test_physical_volume.vcproj", "{946C625F-BEFD-42E4-87C0-ABC70252F006}"
	ProjectSection(ProjectDependencies) = postProject
		{9A9309E2-9AB5-4DCE-916F-9307711EF9CE} = {9A9309E2-9AB5-4DCE-916F-9307711EF9CE}
		{BD3A95FA-A3DE-4B79-A889-A7E5ECA4B69C} = {BD3A95FA-A3DE-4B79-A889-A7E5ECA4B69C}
	EndProjectSection
EndProject
Project("{8BC9CEB8-8B4A-11D0-8D11-00A0C91BC942}") = "vslvm_test_raw_location_descriptor", "vslvm_test_raw_location_descriptor\vslvm_test_raw_location_descriptor.vcproj", "{E0165A64-0440-4CC9-824A-6AB17A915225}"
	ProjectSection(ProjectDependencies) = postProject
		{9A9309E2-9AB5-4DCE-916F-9307711EF9CE} = {9A9309E2-9AB5-4DCE-916F-9307711EF9CE}
		{BD3A95FA-A3DE-4B79-A889-A7E5ECA4B69C} = {BD3A95FA-A3DE-4B79-A889-A7E5ECA4B69C}
	EndProjectSection
EndProject
Project("{8BC9CEB8-8B4A-11D0-8D11-00A0C91BC942}") = "vslvm_test_segment", "vslvm_test_segment\vslvm_test_segment.vcproj", "{61797862-A8CE-4229-878A-02994690B27C}"
	ProjectSection(ProjectDependencies) = postProject
		{9A9309E2-9AB5-4DCE-916F-9307711EF9CE} = {9A9309E2-9AB5-4DCE-916F-9307711EF9CE}
		{BD3A95FA-A3DE-4B79-A889-A7E5ECA4B69C} = {BD3A95FA-A3DE-4B79-A889-A7E5ECA4B69C}
	EndProjectSection
EndProject
Project("{8BC9CEB8-8B4A-11D0-8D11-00A0C91BC942}") = "vslvm_test_stripe", "vslvm_test_stripe\vslvm_test_stripe.vcproj", "{6E0231A8-085A-4CCF-A252-3C374D44A081}"
	ProjectSection(ProjectDependencies) = postProject
		{9A9309E2-9AB5-4DCE-916F-9307711EF9CE} = {9A9309E2-9AB5-4DCE-916F-9307711EF9CE}
		{BD3A95FA-A3DE-4B79-A889-A7E5ECA4B69C} = {BD3A95FA-A3DE-4B79-A889-A7E5ECA4B69C}
	EndProjectSection
EndProject
Project("{8BC9CEB8-8B4A-11D0-8D11-00A0C91BC942}") = "vslvm_test_support", "vslvm_test_support\vslvm_test_support.vcproj", "{7F8A74E0-7006-45AB-AD51-3872828608B5}"
	ProjectSection(ProjectDependencies) = postProject
		{B434A4AC-986D-4D45-9A6A-0D3D25478B23} = {B434A4AC-986D-4D45-9A6A-0D3D25478B23}
		{E43A5E26-D051-4E87-B2B2-B3EAA7BA4A8D} = {E43A5E26-D051-4E87-B2B2-B3EAA7BA4A8D}
		{6E33B121-D740-47B1-8EFA-A481B96453B4} = {6E33B121-D740-47B1-8EFA-A481B96453B4}
		{230CF861-6ED4-478D-977F-7AA14F902775} = {230CF861-6ED4-478D-977F-7AA14F902775}
		{2A6E34BE-BC1E-4F07-9748-B341ABCADED6} = {2A6E34BE-BC1E-4F07-9748-B341ABCADED6}
		{C27BFEBA-5846-48A0-B85C-690FBEB09C05} = {C27BFEBA-5846-48A0-B85C-690FBEB09C05}
		{E4B5DF29-F9B5-45D2-B97E-E9F518A4AA72} = {E4B5DF29-F9B5-45D2-B97E-E9F518A4AA72}
		{1E44D2C4-BABB-465D-A51F-1951E1D0F269} = {1E44D2C4-BABB-465D-A51F-1951E1D0F269}
		{9A9309E2-9AB5-4DCE-916F-9307711EF9CE} = {9A9309E2-9AB5-4DCE-916F-9307711EF9CE}
		{BD3A95FA-A3DE-4B79-A889-A7E5ECA4B69C} = {BD3A95FA-A3DE-4B79-A889-A7E5ECA4B69C}
	EndProjectSection
EndProject
Project("{8BC9CEB8-8B4A-11D0-8D11-00A0C91BC942}") = "vslvm_test_tools_info_handle", "vslvm_test_tools_info_handle\vslvm_test_tools_info_handle.vcproj", "{651DCC20-78AA-439E-9DF1-F98D12A7AD30}"
	ProjectSection(ProjectDependencies) = postProject
		{B434A4AC-986D-4D45-9A6A-0D3D25478B23} = {B434A4AC-986D-4D45-9A6A-0D3D25478B23}
		{E43A5E26-D051-4E87-B2B2-B3EAA7BA4A8D} = {E43A5E26-D051-4E87-B2B2-B3EAA7BA4A8D}
		{6E33B121-D740-47B1-8EFA-A481B96453B4} = {6E33B121-D740-47B1-8EFA-A481B96453B4}
		{230CF861-6ED4-478D-977F-7AA14F902775} = {230CF861-6ED4-478D-977F-7AA14F902775}
		{2A6E34BE-BC1E-4F07-9748-B341ABCADED6} = {2A6E34BE-BC1E-4F07-9748-B341ABCADED6}
		{C27BFEBA-5846-48A0-B85C-690FBEB09C05} = {C27BFEBA-5846-48A0-B85C-690FBEB09C05}
		{E4B5DF29-F9B5-45D2-B97E-E9F518A4AA72} = {E4B5DF29-F9B5-45D2-B97E-E9F518A4AA72}
		{1E44D2C4-BABB-465D-A51F-1951E1D0F269} = {1E44D2C4-BABB-465D-A51F-1951E1D0F269}
		{9A9309E2-9AB5-4DCE-916F-9307711EF9CE} = {9A9309E2-9AB5-4DCE-916F-9307711EF9CE}
		{BD3A95FA-A3DE-4B79-A889-A7E5ECA4B69C} = {BD3A95FA-A3DE-4B79-A889-A7E5ECA4B69C}
	EndProjectSection
EndProject
Project("{8BC9CEB8-8B4A-11D0-8D11-00A0C91BC942}") = "vslvm_test_tools_output", "vslvm_test_tools_output\vslvm_test_tools_output.vcproj", "{1ABC2A49-6EAF-42C4-9093-190CCB5D1C6E}"
	ProjectSection(ProjectDependencies) = postProject
		{9A9309E2-9AB5-4DCE-916F-9307711EF9CE} = {9A9309E2-9AB5-4DCE-916F-9307711EF9CE}
		{BD3A95FA-A3DE-4B79-A889-A7E5ECA4B69C} = {BD3A95FA-A3DE-4B79-A889-A7E5ECA4B69C}
	EndProjectSection
EndProject
Project("{8BC9CEB8-8B4A-11D0-8D11-00A0C91BC942}") = "vslvm_test_tools_signal", "vslvm_test_tools_signal\vslvm_test_tools_signal.vcproj", "{D4663DDF-006E-479F-8847-876EF3508E46}"
	ProjectSection(ProjectDependencies) = postProject
		{9A9309E2-9AB5-4DCE-916F-9307711EF9CE} = {9A9309E2-9AB5-4DCE-916F-9307711EF9CE}
		{BD3A95FA-A3DE-4B79-A889-A7E5ECA4B69C} = {BD3A95FA-A3DE-4B79-A889-A7E5ECA4B69C}
	EndProjectSection
EndProject
Project("{8BC9CEB8-8B4A-11D0-8D11-00A0C91BC942}") = "vslvm_test_volume_group", "vslvm_test_volume_group\vslvm_test_volume_group.vcproj", "{0DEE5F39-3974-45C1-BB27-410204A509BA}"
	ProjectSection(ProjectDependencies) = postProject
		{9A9309E2-9AB5-4DCE-916F-9307711EF9CE} = {9A9309E2-9AB5-4DCE-916F-9307711EF9CE}
		{BD3A95FA-A3DE-4B79-A889-A7E5ECA4B69C} = {BD3A95FA-A3DE-4B79-A889-A7E5ECA4B69C}
	EndProjectSection
EndProject
Project("{8BC9CEB8-8B4A-11D0-8D11-00A0C91BC942}") = "libclocale", "libclocale\libclocale.vcproj", "{E4B5DF29-F9B5-45D2-B97E-E9F518A4AA72}"
	ProjectSection(ProjectDependencies) = postProject
		{BD3A95FA-A3DE-4B79-A889-A7E5ECA4B69C} = {BD3A95FA-A3DE-4B79-A889-A7E5ECA4B69C}
	EndProjectSection
EndProject
Project("{8BC9CEB8-8B4A-11D0-8D11-00A0C91BC942}") = "libbfio", "libbfio\libbfio.vcproj", "{B434A4AC-986D-4D45-9A6A-0D3D25478B23}"
	ProjectSection(ProjectDependencies) = postProject
		{BD3A95FA-A3DE-4B79-A889-A7E5ECA4B69C} = {BD3A95FA-A3DE-4B79-A889-A7E5ECA4B69C}
		{8B6E2538-3142-48B7-A71B-5BE52E4D60CA} = {8B6E2538-3142-48B7-A71B-5BE52E4D60CA}
		{E4B5DF29-F9B5-45D2-B97E-E9F518A4AA72} = {E4B5DF29-F9B5-45D2-B97E-E9F518A4AA72}
		{C27BFEBA-5846-48A0-B85C-690FBEB09C05} = {C27BFEBA-5846-48A0-B85C-690FBEB09C05}
		{1E44D2C4-BABB-465D-A51F-1951E1D0F269} = {1E44D2C4-BABB-465D-A51F-1951E1D0F269}
		{2A6E34BE-BC1E-4F07-9748-B341ABCADED6} = {2A6E34BE-BC1E-4F07-9748-B341ABCADED6}
		{6E33B121-D740-47B1-8EFA-A481B96453B4} = {6E33B121-D740-47B1-8EFA-A481B96453B4}
		{E43A5E26-D051-4E87-B2B2-B3EAA7BA4A8D} = {E43A5E26-D051-4E87-B2B2-B3EAA7BA4A8D}
		{230CF861-6ED4-478D-977F-7AA14F902775} = {230CF861-6ED4-478D-977F-7AA14F902775}
	EndProjectSection
EndProject
Project("{8BC9CEB8-8B4A-11D0-8D11-00A0C91BC942}") = "libcfile", "libcfile\libcfile.vcproj", "{6E33B121-D740-47B1-8EFA-A481B96453B4}"
	ProjectSection(ProjectDependencies) = postProject
		{BD3A95FA-A3DE-4B79-A889-A7E5ECA4B69C} = {BD3A95FA-A3DE-4B79-A889-A7E5ECA4B69C}
		{E4B5DF29-F9B5-45D2-B97E-E9F518A4AA72} = {E4B5DF29-F9B5-45D2-B97E-E9F518A4AA72}
		{C27BFEBA-5846-48A0-B85C-690FBEB09C05} = {C27BFEBA-5846-48A0-B85C-690FBEB09C05}
		{230CF861-6ED4-478D-977F-7AA14F902775} = {230CF861-6ED4-478D-977F-7AA14F902775}
	EndProjectSection
EndProject
Project("{8BC9CEB8-8B4A-11D0-8D11-00A0C91BC942}") = "libcthreads", "libcthreads\libcthreads.vcproj", "{8B6E2538-3142-48B7-A71B-5BE52E4D60CA}"
	ProjectSection(ProjectDependencies) = postProject
		{BD3A95FA-A3DE-4B79-A889-A7E5ECA4B69C} = {BD3A95FA-A3DE-4B79-A889-A7E5ECA4B69C}
	EndProjectSection
EndProject
Project("{8BC9CEB8-8B4A-11D0-8D11-00A0C91BC942}") = "libcpath", "libcpath\libcpath.vcproj", "{E43A5E26-D051-4E87-B2B2-B3EAA7BA4A8D}"
	ProjectSection(ProjectDependencies) = postProject
		{BD3A95FA-A3DE-4B79-A889-A7E5ECA4B69C} = {BD3A95FA-A3DE-4B79-A889-A7E5ECA4B69C}
		{E4B5DF29-F9B5-45D2-B97E-E9F518A4AA72} = {E4B5DF29-F9B5-45D2-B97E-E9F518A4AA72}
		{2A6E34BE-BC1E-4F07-9748-B341ABCADED6} = {2A6E34BE-BC1E-4F07-9748-B341ABCADED6}
		{230CF861-6ED4-478D-977F-7AA14F902775} = {230CF861-6ED4-478D-977F-7AA14F902775}
	EndProjectSection
EndProject
Project("{8BC9CEB8-8B4A-11D0-8D11-00A0C91BC942}") = "pyvslvm", "pyvslvm\pyvslvm.vcproj", "{7E455285-CA6F-4301-8EE2-D791EC2C5387}"
	ProjectSection(ProjectDependencies) = postProject
		{BD3A95FA-A3DE-4B79-A889-A7E5ECA4B69C} = {BD3A95FA-A3DE-4B79-A889-A7E5ECA4B69C}
		{9A9309E2-9AB5-4DCE-916F-9307711EF9CE} = {9A9309E2-9AB5-4DCE-916F-9307711EF9CE}
		{1E44D2C4-BABB-465D-A51F-1951E1D0F269} = {1E44D2C4-BABB-465D-A51F-1951E1D0F269}
		{E4B5DF29-F9B5-45D2-B97E-E9F518A4AA72} = {E4B5DF29-F9B5-45D2-B97E-E9F518A4AA72}
		{2A6E34BE-BC1E-4F07-9748-B341ABCADED6} = {2A6E34BE-BC1E-4F07-9748-B341ABCADED6}
		{230CF861-6ED4-478D-977F-7AA14F902775} = {230CF861-6ED4-478D-977F-7AA14F902775}
		{6E33B121-D740-47B1-8EFA-A481B96453B4} = {6E33B121-D740-47B1-8EFA-A481B96453B4}
		{E43A5E26-D051-4E87-B2B2-B3EAA7BA4A8D} = {E43A5E26-D051-4E87-B2B2-B3EAA7BA4A8D}
		{B434A4AC-986D-4D45-9A6A-0D3D25478B23} = {B434A4AC-986D-4D45-9A6A-0D3D25478B23}
	EndProjectSection
EndProject
Project("{8BC9CEB8-8B4A-11D0-8D11-00A0C91BC942}") = "libuna", "libuna\libuna.vcproj", "{230CF861-6ED4-478D-977F-7AA14F902775}"
	ProjectSection(ProjectDependencies) = postProject
		{BD3A95FA-A3DE-4B79-A889-A7E5ECA4B69C} = {BD3A95FA-A3DE-4B79-A889-A7E5ECA4B69C}
	EndProjectSection
EndProject
Project("{8BC9CEB8-8B4A-11D0-8D11-00A0C91BC942}") = "libfvalue", "libfvalue\libfvalue.vcproj", "{11BBEBE0-520E-41D7-88AC-88B23B79BB8F}"
	ProjectSection(ProjectDependencies) = postProject
		{BD3A95FA-A3DE-4B79-A889-A7E5ECA4B69C} = {BD3A95FA-A3DE-4B79-A889-A7E5ECA4B69C}
		{8B6E2538-3142-48B7-A71B-5BE52E4D60CA} = {8B6E2538-3142-48B7-A71B-5BE52E4D60CA}
		{1E44D2C4-BABB-465D-A51F-1951E1D0F269} = {1E44D2C4-BABB-465D-A51F-1951E1D0F269}
		{C27BFEBA-5846-48A0-B85C-690FBEB09C05} = {C27BFEBA-5846-48A0-B85C-690FBEB09C05}
		{230CF861-6ED4-478D-977F-7AA14F902775} = {230CF861-6ED4-478D-977F-7AA14F902775}
	EndProjectSection
EndProject
Project("{8BC9CEB8-8B4A-11D0-8D11-00A0C91BC942}") = "libvslvm", "libvslvm\libvslvm.vcproj", "{9A9309E2-9AB5-4DCE-916F-9307711EF9CE}"
	ProjectSection(ProjectDependencies) = postProject
		{BD3A95FA-A3DE-4B79-A889-A7E5ECA4B69C} = {BD3A95FA-A3DE-4B79-A889-A7E5ECA4B69C}
		{8B6E2538-3142-48B7-A71B-5BE52E4D60CA} = {8B6E2538-3142-48B7-A71B-5BE52E4D60CA}
		{1E44D2C4-BABB-465D-A51F-1951E1D0F269} = {1E44D2C4-BABB-465D-A51F-1951E1D0F269}
		{E4B5DF29-F9B5-45D2-B97E-E9F518A4AA72} = {E4B5DF29-F9B5-45D2-B97E-E9F518A4AA72}
		{C27BFEBA-5846-48A0-B85C-690FBEB09C05} = {C27BFEBA-5846-48A0-B85C-690FBEB09C05}
		{2A6E34BE-BC1E-4F07-9748-B341ABCADED6} = {2A6E34BE-BC1E-4F07-9748-B341ABCADED6}
		{230CF861-6ED4-478D-977F-7AA14F902775} = {230CF861-6ED4-478D-977F-7AA14F902775}
		{6E33B121-D740-47B1-8EFA-A481B96453B4} = {6E33B121-D740-47B1-8EFA-A481B96453B4}
		{E43A5E26-D051-4E87-B2B2-B3EAA7BA4A8D} = {E43A5E26-D051-4E87-B2B2-B3EAA7BA4A8D}
		{B434A4AC-986D-4D45-9A6A-0D3D25478B23} = {B434A4AC-986D-4D45-9A6A-0D3D25478B23}
		{9F69EFFE-D3B6-402C-B75B-9877209E17B8} = {9F69EFFE-D3B6-402C-B75B-9877209E17B8}
		{E660ECA6-BD22-4F25-B4CF-46FB3A302AE0} = {E660ECA6-BD22-4F25-B4CF-46FB3A302AE0}
		{11BBEBE0-520E-41D7-88AC-88B23B79BB8F} = {11BBEBE0-520E-41D7-88AC-88B23B79BB8F}
	EndProjectSection
EndProject
Project("{8BC9CEB8-8B4A-11D0-8D11-00A0C91BC942}") = "libcerror", "libcerror\libcerror.vcproj", "{BD3A95FA-A3DE-4B79-A889-A7E5ECA4B69C}"
EndProject
Project("{8BC9CEB8-8B4A-11D0-8D11-00A0C91BC942}") = "libcnotify", "libcnotify\libcnotify.vcproj", "{C27BFEBA-5846-48A0-B85C-690FBEB09C05}"
	ProjectSection(ProjectDependencies) = postProject
		{BD3A95FA-A3DE-4B79-A889-A7E5ECA4B69C} = {BD3A95FA-A3DE-4B79-A889-A7E5ECA4B69C}
	EndProjectSection
EndProject
Project("{8BC9CEB8-8B4A-11D0-8D11-00A0C91BC942}") = "libfdata", "libfdata\libfdata.vcproj", "{E660ECA6-BD22-4F25-B4CF-46FB3A302AE0}"
	ProjectSection(ProjectDependencies) = postProject
		{BD3A95FA-A3DE-4B79-A889-A7E5ECA4B69C} = {BD3A95FA-A3DE-4B79-A889-A7E5ECA4B69C}
		{8B6E2538-3142-48B7-A71B-5BE52E4D60CA} = {8B6E2538-3142-48B7-A71B-5BE52E4D60CA}
		{1E44D2C4-BABB-465D-A51F-1951E1D0F269} = {1E44D2C4-BABB-465D-A51F-1951E1D0F269}
		{C27BFEBA-5846-48A0-B85C-690FBEB09C05} = {C27BFEBA-5846-48A0-B85C-690FBEB09C05}
		{9F69EFFE-D3B6-402C-B75B-9877209E17B8} = {9F69EFFE-D3B6-402C-B75B-9877209E17B8}
	EndProjectSection
EndProject
Project("{8BC9CEB8-8B4A-11D0-8D11-00A0C91BC942}") = "libcdata", "libcdata\libcdata.vcproj", "{1E44D2C4-BABB-465D-A51F-1951E1D0F269}"
	ProjectSection(ProjectDependencies) = postProject
		{BD3A95FA-A3DE-4B79-A889-A7E5ECA4B69C} = {BD3A95FA-A3DE-4B79-A889-A7E5ECA4B69C}
		{8B6E2538-3142-48B7-A71B-5BE52E4D60CA} = {8B6E2538-3142-48B7-A71B-5BE52E4D60CA}
	EndProjectSection
EndProject
Project("{8BC9CEB8-8B4A-11D0-8D11-00A0C91BC942}") = "libcsplit", "libcsplit\libcsplit.vcproj", "{2A6E34BE-BC1E-4F07-9748-B341ABCADED6}"
	ProjectSection(ProjectDependencies) = postProject
		{BD3A95FA-A3DE-4B79-A889-A7E5ECA4B69C} = {BD3A95FA-A3DE-4B79-A889-A7E5ECA4B69C}
	EndProjectSection
EndProject
Global
	GlobalSection(SolutionConfigurationPlatforms) = preSolution
		Release|Win32 = Release|Win32
		VSDebug|Win32 = VSDebug|Win32
	EndGlobalSection
	GlobalSection(ProjectConfigurationPlatforms) = postSolution
		{9F69EFFE-D3B6-402C-B75B-9877209E17B8}.Release|Win32.ActiveCfg = Release|Win32
		{9F69EFFE-D3B6-402C-B75B-9877209E17B8}.Release|Win32.Build.0 = Release|Win32
		{9F69EFFE-D3B6-402C-B75B-9877209E17B8}.VSDebug|Win32.ActiveCfg = VSDebug|Win32
		{9F69EFFE-D3B6-402C-B75B-9877209E17B8}.VSDebug|Win32.Build.0 = VSDebug|Win32
		{4917E0E4-2AD2-401C-B670-D13DD410F399}.Release|Win32.ActiveCfg = Release|Win32
		{4917E0E4-2AD2-401C-B670-D13DD410F399}.Release|Win32.Build.0 = Release|Win32
		{4917E0E4-2AD2-401C-B670-D13DD410F399}.VSDebug|Win32.ActiveCfg = VSDebug|Win32
		{4917E0E4-2AD2-401C-B670-D13DD410F399}.VSDebug|Win32.Build.0 = VSDebug|Win32
		{5D7C5D34-B8F1-43BA-9BF2-10F001B84749}.Release|Win32.ActiveCfg = Release|Win32
		{5D7C5D34-B8F1-43BA-9BF2-10F001B84749}.Release|Win32.Build.0 = Release|Win32
		{5D7C5D34-B8F1-43BA-9BF2-10F001B84749}.VSDebug|Win32.ActiveCfg = VSDebug|Win32
		{5D7C5D34-B8F1-43BA-9BF2-10F001B84749}.VSDebug|Win32.Build.0 = VSDebug|Win32
		{8EAE8625-2CE5-4FE8-ADA5-90D300E78B63}.Release|Win32.ActiveCfg = Release|Win32
		{8EAE8625-2CE5-4FE8-ADA5-90D300E78B63}.Release|Win32.Build.0 = Release|Win32
		{8EAE8625-2CE5-4FE8-ADA5-90D300E78B63}.VSDebug|Win32.ActiveCfg = VSDebug|Win32
		{8EAE8625-2CE5-4FE8-ADA5-90D300E78B63}.VSDebug|Win32.Build.0 = VSDebug|Win32
		{51D491BF-2D42-4269-8F97-1354EFDA9E8C}.Release|Win32.ActiveCfg = Release|Win32
		{51D491BF-2D42-4269-8F97-1354EFDA9E8C}.Release|Win32.Build.0 = Release|Win32
		{51D491BF-2D42-4269-8F97-1354EFDA9E8C}.VSDebug|Win32.ActiveCfg = VSDebug|Win32
		{51D491BF-2D42-4269-8F97-1354EFDA9E8C}.VSDebug|Win32.Build.0 = VSDebug|Win32
		{BA8E164A-9A0A-44FF-BDA0-DAD6EAB0BF37}.Release|Win32.ActiveCfg = Release|Win32
		{BA8E164A-9A0A-44FF-BDA0-DAD6EAB0BF37}.Release|Win32.Build.0 = Release|Win32
		{BA8E164A-9A0A-44FF-BDA0-DAD6EAB0BF37}.VSDebug|Win32.ActiveCfg = VSDebug|Win32
		{BA8E164A-9A0A-44FF-BDA0-DAD6EAB0BF37}.VSDebug|Win32.Build.0 = VSDebug|Win32
		{8DB69D45-79E8-4876-BF10-522116BF9768}.Release|Win32.ActiveCfg = Release|Win32
		{8DB69D45-79E8-4876-BF10-522116BF9768}.Release|Win32.Build.0 = Release|Win32
		{8DB69D45-79E8-4876-BF10-522116BF9768}.VSDebug|Win32.ActiveCfg = VSDebug|Win32
		{8DB69D45-79E8-4876-BF10-522116BF9768}.VSDebug|Win32.Build.0 = VSDebug|Win32
		{5CCB86C7-1B7B-4BBC-A8F4-45C328D4E4C5}.Release|Win32.ActiveCfg = Release|Win32
		{5CCB86C7-1B7B-4BBC-A8F4-45C328D4E4C5}.Release|Win32.Build.0 = Release|Win32
		{5CCB86C7-1B7B-4BBC-A8F4-45C328D4E4C5}.VSDebug|Win32.ActiveCfg = VSDebug|Win32
		{5CCB86C7-1B7B-4BBC-A8F4-45C328D4E4C5}.VSDebug|Win32.Build.0 = VSDebug|Win32
		{2960D6DC-D143-4D30-9FCC-698202E0E1CA}.Release|Win32.ActiveCfg = Release|Win32
		{2960D6DC-D143-4D30-9FCC-698202E0E1CA}.Release|Win32.Build.0 = Release|Win32
		{2960D6DC-D143-4D30-9FCC-698202E0E1CA}.VSDebug|Win32.ActiveCfg = VSDebug|Win32
		{2960D6DC-D143-4D30-9FCC-698202E0E1CA}.VSDebug|Win32.Build.0 = VSDebug|Win32
		{501C1F15-568D-432F-9435-2B686F217145}.Release|Win32.ActiveCfg = Release|Win32
		{501C1F15-568D-432F-9435-2B686F217145}.Release|Win32.Build.0 = Release|Win32
		{501C1F15-568D-432F-9435-2B686F217145}.VSDebug|Win32.ActiveCfg = VSDebug|Win32
		{501C1F15-568D-432F-9435-2B686F217145}.VSDebug|Win32.Build.0 = VSDebug|Win32
		{93E7A263-3B55-48B0-BBCC-C8914750816E}.Release|Win32.ActiveCfg = Release|Win32
		{93E7A263-3B55-48B0-BBCC-C8914750816E}.Release|Win32.Build.0 = Release|Win32
		{93E7A263-3B55-48B0-BBCC-C8914750816E}.VSDebug|Win32.ActiveCfg = VSDebug|Win32
		{93E7A263-3B55-48B0-BBCC-C8914750816E}.VSDebug|Win32.Build.0 = VSDebug|Win32
		{E3EFE28D-43D0-4BC8-86FB-21EED5051512}.Release|Win32.ActiveCfg = Release|Win32
		{E3EFE28D-43D0-4BC8-86FB-21EED5051512}.Release|Win32.Build.0 = Release|Win32
		{E3EFE28D-43D0-4BC8-86FB-21EED5051512}.VSDebug|Win32.ActiveCfg = VSDebug|Win32
		{E3EFE28D-43D0-4BC8-86FB-21EED5051512}.VSDebug|Win32.Build.0 = VSDebug|Win32
		{373FDA74-DD45-4DA3-814E-6ECD44979AE2}.Release|Win32.ActiveCfg = Release|Win32
		{373FDA74-DD45-4DA3-814E-6ECD44979AE2}.Release|Win32.Build.0 = Release|Win32
		{373FDA74-DD45-4DA3-814E-6ECD44979AE2}.VSDebug|Win32.ActiveCfg = VSDebug|Win32
		{373FDA74-DD45-4DA3-814E-6ECD44979AE2}.VSDebug|Win32.Build.0 = VSDebug|Win32
		{946C625F-BEFD-42E4-87C0-ABC70252F006}.Release|Win32.ActiveCfg = Release|Win32
		{946C625F-BEFD-42E4-87C0-ABC70252F006}.Release|Win32.Build.0 = Release|Win32
		{946C625F-BEFD-42E4-87C0-ABC70252F006}.VSDebug|Win32.ActiveCfg = VSDebug|Win32
		{946C625F-BEFD-42E4-87C0-ABC70252F006}.VSDebug|Win32.Build.0 = VSDebug|Win32
		{E0165A64-0440-4CC9-824A-6AB17A915225}.Release|Win32.ActiveCfg = Release|Win32
		{E0165A64-0440-4CC9-824A-6AB17A915225}.Release|Win32.Build.0 = Release|Win32
		{E0165A64-0440-4CC9-824A-6AB17A915225}.VSDebug|Win32.ActiveCfg = VSDebug|Win32
		{E0165A64-0440-4CC9-824A-6AB17A915225}.VSDebug|Win32.Build.0 = VSDebug|Win32
		{61797862-A8CE-4229-878A-02994690B27C}.Release|Win32.ActiveCfg = Release|Win32
		{61797862-A8CE-4229-878A-02994690B27C}.Release|Win32.Build.0 = Release|Win32
		{61797862-A8CE-4229-878A-02994690B27C}.VSDebug|Win32.ActiveCfg = VSDebug|Win32
		{61797862-A8CE-4229-878A-02994690B27C}.VSDebug|Win32.Build.0 = VSDebug|Win32
		{6E0231A8-085A-4CCF-A252-3C374D44A081}.Release|Win32.ActiveCfg = Release|Win32
		{6E0231A8-085A-4CCF-A252-3C374D44A081}.Release|Win32.Build.0 = Release|Win32
		{6E0231A8-085A-4CCF-A252-3C374D44A081}.VSDebug|Win32.ActiveCfg = VSDebug|Win32
		{6E0231A8-085A-4CCF-A252-3C374D44A081}.VSDebug|Win32.Build.0 = VSDebug|Win32
		{7F8A74E0-7006-45AB-AD51-3872828608B5}.Release|Win32.ActiveCfg = Release|Win32
		{7F8A74E0-7006-45AB-AD51-3872828608B5}.Release|Win32.Build.0 = Release|Win32
		{7F8A74E0-7006-45AB-AD51-3872828608B5}.VSDebug|Win32.ActiveCfg = VSDebug|Win32
		{7F8A74E0-7006-45AB-AD51-3872828608B5}.VSDebug|Win32.Build.0 = VSDebug|Win32
		{651DCC20-78AA-439E-9DF1-F98D12A7AD30}.Release|Win32.ActiveCfg = Release|Win32
		{651DCC20-78AA-439E-9DF1-F98D12A7AD30}.Release|Win32.Build.0 = Release|Win32
		{651DCC20-78AA-439E-9DF1-F98D12A7AD30}.VSDebug|Win32.ActiveCfg = VSDebug|Win32
		{651DCC20-78AA-439E-9DF1-F98D12A7AD30}.VSDebug|Win32.Build.0 = VSDebug|Win32
		{1ABC2A49-6EAF-42C4-9093-190CCB5D1C6E}.Release|Win32.ActiveCfg = Release|Win32
		{1ABC2A49-6EAF-42C4-9093-190CCB5D1C6E}.Release|Win32.Build.0 = Release|Win32
		{1ABC2A49-6EAF-42C4-9093-190CCB5D1C6E}.VSDebug|Win32.ActiveCfg = VSDebug|Win32
		{1ABC2A49-6EAF-42C4-9093-190CCB5D1C6E}.VSDebug|Win32.Build.0 = VSDebug|Win32
		{D4663DDF-006E-479F-8847-876EF3508E46}.Release|Win32.ActiveCfg = Release|Win32
		{D4663DDF-006E-479F-8847-876EF3508E46}.Release|Win32.Build.0 = Release|Win32
		{D4663DDF-006E-479F-8847-876EF3508E46}.VSDebug|Win32.ActiveCfg = VSDebug|Win32
		{D4663DDF-006E-479F-8847-876EF3508E46}.VSDebug|Win32.Build.0 = VSDebug|Win32
		{0DEE5F39-3974-45C1-BB27-410204A509BA}.Release|Win32.ActiveCfg = Release|Win32
		{0DEE5F39-3974-45C1-BB27-410204A509BA}.Release|Win32.Build.0 = Release|Win32
		{0DEE5F39-3974-45C1-BB27-410204A509BA}.VSDebug|Win32.ActiveCfg = VSDebug|Win32
		{0DEE5F39-3974-45C1-BB27-410204A509BA}.VSDebug|Win32.Build.0 = VSDebug|Win32
		{E4B5DF29-F9B5-45D2-B97E-E9F518A4AA72}.Release|Win32.ActiveCfg = Release|Win32
		{E4B5DF29-F9B5-45D2-B97E-E9F518A4AA72}.Release|Win32.Build.0 = Release|Win32
		{E4B5DF29-F9B5-45D2-B97E-E9F518A4AA72}.VSDebug|Win32.ActiveCfg = VSDebug|Win32
		{E4B5DF29-F9B5-45D2-B97E-E9F518A4AA72}.VSDebug|Win32.Build.0 = VSDebug|Win32
		{B434A4AC-986D-4D45-9A6A-0D3D25478B23}.Release|Win32.ActiveCfg = Release|Win32
		{B434A4AC-986D-4D45-9A6A-0D3D25478B23}.Release|Win32.Build.0 = Release|Win32
		{B434A4AC-986D-4D45-9A6A-0D3D25478B23}.VSDebug|Win32.ActiveCfg = VSDebug|Win32
		{B434A4AC-986D-4D45-9A6A-0D3D25478B23}.VSDebug|Win32.Build.0 = VSDebug|Win32
		{6E33B121-D740-47B1-8EFA-A481B96453B4}.Release|Win32.ActiveCfg = Release|Win32
		{6E33B121-D740-47B1-8EFA-A481B96453B4}.Release|Win32.Build.0 = Release|Win32
		{6E33B121-D740-47B1-8EFA-A481B96453B4}.VSDebug|Win32.ActiveCfg = VSDebug|Win32
		{6E33B121-D740-47B1-8EFA-A481B96453B4}.VSDebug|Win32.Build.0 = VSDebug|Win32
		{8B6E2538-3142-48B7-A71B-5BE52E4D60CA}.Release|Win32.ActiveCfg = Release|Win32
		{8B6E2538-3142-48B7-A71B-5BE52E4D60CA}.Release|Win32.Build.0 = Release|Win32
		{8B6E2538-3142-48B7-A71B-5BE52E4D60CA}.VSDebug|Win32.ActiveCfg = VSDebug|Win32
		{8B6E2538-3142-48B7-A71B-5BE52E4D60CA}.VSDebug|Win32.Build.0 = VSDebug|Win32
		{E43A5E26-D051-4E87-B2B2-B3EAA7BA4A8D}.Release|Win32.ActiveCfg = Release|Win32
		{E43A5E26-D051-4E87-B2B2-B3EAA7BA4A8D}.Release|Win32.Build.0 = Release|Win32
		{E43A5E26-D051-4E87-B2B2-B3EAA7BA4A8D}.VSDebug|Win32.ActiveCfg = VSDebug|Win32
		{E43A5E26-D051-4E87-B2B2-B3EAA7BA4A8D}.VSDebug|Win32.Build.0 = VSDebug|Win32
		{7E455285-CA6F-4301-8EE2-D791EC2C5387}.Release|Win32.ActiveCfg = Release|Win32
		{7E455285-CA6F-4301-8EE2-D791EC2C5387}.Release|Win32.Build.0 = Release|Win32
		{7E455285-CA6F-4301-8EE2-D791EC2C5387}.VSDebug|Win32.ActiveCfg = VSDebug|Win32
		{7E455285-CA6F-4301-8EE2-D791EC2C5387}.VSDebug|Win32.Build.0 = VSDebug|Win32
		{230CF861-6ED4-478D-977F-7AA14F902775}.Release|Win32.ActiveCfg = Release|Win32
		{230CF861-6ED4-478D-977F-7AA14F902775}.Release|Win32.Build.0 = Release|Win32
		{230CF861-6ED4-478D-977F-7AA14F902775}.VSDebug|Win32.ActiveCfg = VSDebug|Win32
		{230CF861-6ED4-478D-977F-7AA14F902775}.VSDebug|Win32.Build.0 = VSDebug|Win32
		{11BBEBE0-520E-41D7-88AC-88B23B79BB8F}.Release|Win32.ActiveCfg = Release|Win32
		{11BBEBE0-520E-41D7-88AC-88B23B79BB8F}.Release|Win32.Build.0 = Release|Win32
		{11BBEBE0-520E-41D7-88AC-88B23B79BB8F}.VSDebug|Win32.ActiveCfg = VSDebug|Win32
		{11BBEBE0-520E-41D7-88AC-88B23B79BB8F}.VSDebug|Win32.Build.0 = VSDebug|Win32
		{9A9309E2-9AB5-4DCE-916F-9307711EF9CE}.Release|Win32.ActiveCfg = Release|Win32
		{9A9309E2-9AB5-4DCE-916F-9307711EF9CE}.Release|Win32.Build.0 = Release|Win32
		{9A9309E2-9AB5-4DCE-916F-9307711EF9CE}.VSDebug|Win32.ActiveCfg = VSDebug|Win32
		{9A9309E2-9AB5-4DCE-916F-9307711EF9CE}.VSDebug|Win32.Build.0 = VSDebug|Win32
		{BD3A95FA-A3DE-4B79-A889-A7E5ECA4B69C}.Release|Win32.ActiveCfg = Release|Win32
		{BD3A95FA-A3DE-4B79-A889-A7E5ECA4B69C}.Release|Win32.Build.0 = Release|Win32
		{BD3A95FA-A3DE-4B79-A889-A7E5ECA4B69C}.VSDebug|Win32.ActiveCfg = VSDebug|Win32
		{BD3A95FA-A3DE-4B79-A889-A7E5ECA4B69C}.VSDebug|Win32.Build.0 = VSDebug|Win32
		{C27BFEBA-5846-48A0-B85C-690FBEB09C05}.Release|Win32.ActiveCfg = Release|Win32
		{C27BFEBA-5846-48A0-B85C-690FBEB09C05}.Release|Win32.Build.0 = Release|Win32
		{C27BFEBA-5846-48A0-B85C-690FBEB09C05}.VSDebug|Win32.ActiveCfg = VSDebug|Win32
		{C27BFEBA-5846-48A0-B85C-690FBEB09C05}.VSDebug|Win32.Build.0 = VSDebug|Win32
		{E660ECA6-BD22-4F25-B4CF-46FB3A302AE0}.Release|Win32.ActiveCfg = Release|Win32
		{E660ECA6-BD22-4F25-B4CF-46FB3A302AE0}.Release|Win32.Build.0 = Release|Win32
		{E660ECA6-BD22-4F25-B4CF-46FB3A302AE0}.VSDebug|Win32.ActiveCfg = VSDebug|Win32
		{E660ECA6-BD22-4F25-B4CF-46FB3A302AE0}.VSDebug|Win32.Build.0 = VSDebug|Win32
		{1E44D2C4-BABB-465D-A51F-1951E1D0F269}.Release|Win32.ActiveCfg = Release|Win32
		{1E44D2C4-BABB-465D-A51F-1951E1D0F269}.Release|Win32.Build.0 = Release|Win32
		{1E44D2C4-BABB-465D-A51F-1951E1D0F269}.VSDebug|Win32.ActiveCfg = VSDebug|Win32
		{1E44D2C4-BABB-465D-A51F-1951E1D0F269}.VSDebug|Win32.Build.0 = VSDebug|Win32
		{2A6E34BE-BC1E-4F07-9748-B341ABCADED6}.Release|Win32.ActiveCfg = Release|Win32
		{2A6E34BE-BC1E-4F07-9748-B341ABCADED6}.Release|Win32.Build.0 = Release|Win32
		{2A6E34BE-BC1E-4F07-9748-B341ABCADED6}.VSDebug|Win32.ActiveCfg = VSDebug|Win32
		{2A6E34BE-BC1E-4F07-9748-B341ABCADED6}.VSDebug|Win32.Build.0 = VSDebug|Win32
	EndGlobalSection
	GlobalSection(SolutionProperties) = preSolution
		HideSolutionNode = FALSE
	EndGlobalSection
EndGlobal
